
Microsoft Visual Studio Solution File, Format Version 12.00
# Visual Studio Version 17
VisualStudioVersion = 17.6.33712.159
MinimumVisualStudioVersion = 10.0.40219.1
Project("{FAE04EC0-301F-11D3-BF4B-00C04F79EFBC}") = "NenWebApp.Web", "NenWebApp.Web\NenWebApp.Web.csproj", "{94E62FE1-BD01-4BFD-98C5-59D9C4912CD6}"
EndProject
Project("{FAE04EC0-301F-11D3-BF4B-00C04F79EFBC}") = "NenWebApp.Data", "NenWebApp.Data\NenWebApp.Data.csproj", "{8F859084-4B44-4FEB-8982-0423FE93BEF6}"
EndProject
Project("{FAE04EC0-301F-11D3-BF4B-00C04F79EFBC}") = "NenWebApp.Shared", "NenWebApp.Shared\NenWebApp.Shared.csproj", "{28F5CCA6-98CD-4F02-A8DC-BFB6505E8A9D}"
EndProject
Project("{FAE04EC0-301F-11D3-BF4B-00C04F79EFBC}") = "NenWebApp.Logic", "NenWebApp.Logic\NenWebApp.Logic.csproj", "{798B87DD-3EEC-4452-ABBF-F1481527D91D}"
EndProject
Global
	GlobalSection(SolutionConfigurationPlatforms) = preSolution
		Debug|Any CPU = Debug|Any CPU
		Release|Any CPU = Release|Any CPU
	EndGlobalSection
	GlobalSection(ProjectConfigurationPlatforms) = postSolution
		{94E62FE1-BD01-4BFD-98C5-59D9C4912CD6}.Debug|Any CPU.ActiveCfg = Debug|Any CPU
		{94E62FE1-BD01-4BFD-98C5-59D9C4912CD6}.Debug|Any CPU.Build.0 = Debug|Any CPU
		{94E62FE1-BD01-4BFD-98C5-59D9C4912CD6}.Release|Any CPU.ActiveCfg = Release|Any CPU
		{94E62FE1-BD01-4BFD-98C5-59D9C4912CD6}.Release|Any CPU.Build.0 = Release|Any CPU
		{8F859084-4B44-4FEB-8982-0423FE93BEF6}.Debug|Any CPU.ActiveCfg = Debug|Any CPU
		{8F859084-4B44-4FEB-8982-0423FE93BEF6}.Debug|Any CPU.Build.0 = Debug|Any CPU
		{8F859084-4B44-4FEB-8982-0423FE93BEF6}.Release|Any CPU.ActiveCfg = Release|Any CPU
		{8F859084-4B44-4FEB-8982-0423FE93BEF6}.Release|Any CPU.Build.0 = Release|Any CPU
		{28F5CCA6-98CD-4F02-A8DC-BFB6505E8A9D}.Debug|Any CPU.ActiveCfg = Debug|Any CPU
		{28F5CCA6-98CD-4F02-A8DC-BFB6505E8A9D}.Debug|Any CPU.Build.0 = Debug|Any CPU
		{28F5CCA6-98CD-4F02-A8DC-BFB6505E8A9D}.Release|Any CPU.ActiveCfg = Release|Any CPU
		{28F5CCA6-98CD-4F02-A8DC-BFB6505E8A9D}.Release|Any CPU.Build.0 = Release|Any CPU
		{798B87DD-3EEC-4452-ABBF-F1481527D91D}.Debug|Any CPU.ActiveCfg = Debug|Any CPU
		{798B87DD-3EEC-4452-ABBF-F1481527D91D}.Debug|Any CPU.Build.0 = Debug|Any CPU
		{798B87DD-3EEC-4452-ABBF-F1481527D91D}.Release|Any CPU.ActiveCfg = Release|Any CPU
		{798B87DD-3EEC-4452-ABBF-F1481527D91D}.Release|Any CPU.Build.0 = Release|Any CPU
	EndGlobalSection
	GlobalSection(SolutionProperties) = preSolution
		HideSolutionNode = FALSE
	EndGlobalSection
	GlobalSection(ExtensibilityGlobals) = postSolution
		SolutionGuid = {C250CCA7-0D33-4A9F-9FE5-77EE58537C4E}
	EndGlobalSection
EndGlobal
